{
"EMAIL_HOST": "gAAAAABcg_Lsuj8ij4b-8ZmELUAWHY7Uk1siJ9E1YOw_i1BiMavMCkwebtRLmAsUgHrur3-tPMqodIQnoD7jKpBcMMrQvaWFPA==",
"EMAIL_HOST_PASSWORD": "gAAAAABcg_LsHQHck3h4sXE1GvsJyIy25EE6tfKeQXYYDP4R0FlsyjZm_W0KBHnEsEbQkx4vOwOMIbQSfsCyo94QvBll6VZGaQ==",
"EMAIL_HOST_USER": "gAAAAABcg_LssnCytfFXeuNXpqkPmc31h04Do_ORboDP0UXJ1RNIFxaB-fO7EZE0FymvSoxAGw-gW5mPga9XV6pFv-vIj7RsAsj0nyZSrrA3ldGh11zUQ3M=",
"EMAIL_PORT": "gAAAAABcg_Lsb50ZoEk471LFxWV1YIUUO2O0JsFw5_7MCphRoT5UbyQkuzRL8sGiCJ1EflZWzBhK7N9sO1an1iQSfy_ctqivvw==",
"SECRET_KEY": "gAAAAABcg_LsJ9-dDdBhgQBdzBgO80AcDZshBNs2G6r9QI1ufmpvvLqqhQVF0njZxcUnf3_hLTxlzs-zV3avgWq1FGEYSoUQm0vAGfY3J5Zw1sMMLLRX458=",
"SITE_DOMAIN": "gAAAAABcg_Lsp8p3MyAn_GHcD-8K4J1ZvfBb2e4ifWoO0IwCZvFZEmKmA1BKK8AC_CNktt7wjScqFEubrjgZ7SjsjVCKvbO8KA==",
"SITE_ID": "gAAAAABcg_LsZCibjuLLOixechzDlbtpB9-HgsLKWhU0Y-BrqyNEtNWNV1kN67KgwR10glLAzEo5BSMNfENG-9nDK-sNTMOw9A==",
"SITE_NAME": "gAAAAABcg_LsekT2io-cUv35p-5e_pRaGZj25AklzN6UPXV0e6OO6qs4wTGY2BxbzUOajU43hCYSzJgJ4Hm3CM7KwA02XTfS0g=="
}