{
"ADMIN_EMAIL": "gAAAAABciXVmr3JiNLjxlTywZyDUmEInLLlpbcGOjf-6jJT6aCzmVmPTkR1X2_NDjEnJO2hAdLsmoKw-4SZtmWauqFvawa-z0w==",
"ADMIN_PASS": "gAAAAABciXVmA4rCo_MG1H_W3vIGp4Pdgj3EJEV-zX-6SovknbAqmjbXwl9FyDV51Ko4z5wbXckT-7A2ca4PVbBScR4ITlGytA==",
"ADMIN_USERNAME": "gAAAAABciXVmFTZ3ouhwhjPJYYAEdTOGiSP7yvejeenVB9j09g8E5MbaEbbeDGUP_c3ck-kYK0Ahi2d-ZBdRv2anNczm-z_fOw==",
"EMAIL_HOST": "gAAAAABciXVmYyHzM2qpXUpHiLr2cn-8bnepRsg9Bzx2EHDBP0Mu4IhKH9aBmHXtz41sZGv33VbzZrwAcOqb5XAFgIP5SUtP8Q==",
"EMAIL_HOST_PASSWORD": "gAAAAABciXVmf45Q1p1lCGPOpN0mcjFUYl1oeDBbDpJ7O4IGg_P0Fjaq3xRNImtZtZ0o4A2tVYjlMS1HOps2br0CVIOq12sETw==",
"EMAIL_HOST_USER": "gAAAAABciXVmlTuo_QV6WBRIXsoVHFJ5ert6h4qVwrUASkRTdnj9hmypyBGKqXMraUTpENwI5updttKSXBbY6Y2ICizC4j74TrPVuyXwYdYj2SIEjilzwY4=",
"EMAIL_PORT": "gAAAAABciXVmV36Amk68sorNHDj7AMIeC4caIgeQw4V-aXQBe0esCnrcm59_bGtvsptP7xc03KZ6FCxXph6AztIcJqENbpgyxw==",
"SECRET_KEY": "gAAAAABciXVmfGi0BUnxt0lFufyN4z4LkQD-EFawpLnS_BLL1VzQuSYJBP2xE-MrIT-dROLddyj2GuEUGkPtXHe6we1WSJprJYVdj5fgS3ZMN_WDuVZJRNo=",
"SITE_DOMAIN": "gAAAAABciXVmLackpwrZFwewXtfkjwugFDqIyKPVj4cb5nDEZz4CFc9MjHyEun0LGAjt1-pVePdiU-A98co2QfMe7CRi7Bb1_w==",
"SITE_ID": "gAAAAABciXVmTGpCzegdmvIE28bipyoF2I3r6uB8lrozxbL4N6YxDMMA0Qag8pGCs2zksi6c4EIp-hst3oyIKaWHdWweWmyB4Q==",
"SITE_NAME": "gAAAAABciXVmiAEY59XpNhopleDN2dmneosKBpKrhrSbvgeLBX4rHd9S1pyikgS9Wi3PP2fb9eM4jxS6abd_hh8Pbi2ewg-soA=="
}